// !$*UTF8*$!
{
	archiveVersion = 1;
	classes = {
	};
	objectVersion = 56;
	objects = {

/* Begin PBXBuildFile section */
		BFFC5DA52BE4C6C400409C7C /* Apple_FrameworkApp.swift in Sources */ = {isa = PBXBuildFile; fileRef = BFFC5DA42BE4C6C400409C7C /* Apple_FrameworkApp.swift */; };
		BFFC5DA92BE4C6C800409C7C /* Assets.xcassets in Resources */ = {isa = PBXBuildFile; fileRef = BFFC5DA82BE4C6C800409C7C /* Assets.xcassets */; };
		BFFC5DAC2BE4C6C800409C7C /* Preview Assets.xcassets in Resources */ = {isa = PBXBuildFile; fileRef = BFFC5DAB2BE4C6C800409C7C /* Preview Assets.xcassets */; };
		BFFC5DB32BE4C75B00409C7C /* Framework.swift in Sources */ = {isa = PBXBuildFile; fileRef = BFFC5DB22BE4C75B00409C7C /* Framework.swift */; };
		BFFC5DB52BE4CB5200409C7C /* FrameworkGridView.swift in Sources */ = {isa = PBXBuildFile; fileRef = BFFC5DB42BE4CB5200409C7C /* FrameworkGridView.swift */; };
		BFFC5DB72BE4E3C400409C7C /* FrameworkDetailView.swift in Sources */ = {isa = PBXBuildFile; fileRef = BFFC5DB62BE4E3C400409C7C /* FrameworkDetailView.swift */; };
		BFFC5DB92BE4E8D900409C7C /* AFButton.swift in Sources */ = {isa = PBXBuildFile; fileRef = BFFC5DB82BE4E8D900409C7C /* AFButton.swift */; };
		BFFC5DBB2BE4FA8900409C7C /* FrameworkGridViewModel.swift in Sources */ = {isa = PBXBuildFile; fileRef = BFFC5DBA2BE4FA8900409C7C /* FrameworkGridViewModel.swift */; };
		BFFC5DBD2BE507FA00409C7C /* SafariView.swift in Sources */ = {isa = PBXBuildFile; fileRef = BFFC5DBC2BE507FA00409C7C /* SafariView.swift */; };
		BFFC5DBF2BE515E900409C7C /* FrameworkTitleView.swift in Sources */ = {isa = PBXBuildFile; fileRef = BFFC5DBE2BE515E900409C7C /* FrameworkTitleView.swift */; };
		BFFC5DC12BE5168400409C7C /* XDismissButton.swift in Sources */ = {isa = PBXBuildFile; fileRef = BFFC5DC02BE5168400409C7C /* XDismissButton.swift */; };
/* End PBXBuildFile section */

/* Begin PBXFileReference section */
		BFFC5DA12BE4C6C400409C7C /* Apple-Framework.app */ = {isa = PBXFileReference; explicitFileType = wrapper.application; includeInIndex = 0; path = "Apple-Framework.app"; sourceTree = BUILT_PRODUCTS_DIR; };
		BFFC5DA42BE4C6C400409C7C /* Apple_FrameworkApp.swift */ = {isa = PBXFileReference; lastKnownFileType = sourcecode.swift; path = Apple_FrameworkApp.swift; sourceTree = "<group>"; };
		BFFC5DA82BE4C6C800409C7C /* Assets.xcassets */ = {isa = PBXFileReference; lastKnownFileType = folder.assetcatalog; path = Assets.xcassets; sourceTree = "<group>"; };
		BFFC5DAB2BE4C6C800409C7C /* Preview Assets.xcassets */ = {isa = PBXFileReference; lastKnownFileType = folder.assetcatalog; path = "Preview Assets.xcassets"; sourceTree = "<group>"; };
		BFFC5DB22BE4C75B00409C7C /* Framework.swift */ = {isa = PBXFileReference; lastKnownFileType = sourcecode.swift; path = Framework.swift; sourceTree = "<group>"; };
		BFFC5DB42BE4CB5200409C7C /* FrameworkGridView.swift */ = {isa = PBXFileReference; lastKnownFileType = sourcecode.swift; path = FrameworkGridView.swift; sourceTree = "<group>"; };
		BFFC5DB62BE4E3C400409C7C /* FrameworkDetailView.swift */ = {isa = PBXFileReference; lastKnownFileType = sourcecode.swift; path = FrameworkDetailView.swift; sourceTree = "<group>"; };
		BFFC5DB82BE4E8D900409C7C /* AFButton.swift */ = {isa = PBXFileReference; lastKnownFileType = sourcecode.swift; path = AFButton.swift; sourceTree = "<group>"; };
		BFFC5DBA2BE4FA8900409C7C /* FrameworkGridViewModel.swift */ = {isa = PBXFileReference; lastKnownFileType = sourcecode.swift; path = FrameworkGridViewModel.swift; sourceTree = "<group>"; };
		BFFC5DBC2BE507FA00409C7C /* SafariView.swift */ = {isa = PBXFileReference; lastKnownFileType = sourcecode.swift; path = SafariView.swift; sourceTree = "<group>"; };
		BFFC5DBE2BE515E900409C7C /* FrameworkTitleView.swift */ = {isa = PBXFileReference; lastKnownFileType = sourcecode.swift; path = FrameworkTitleView.swift; sourceTree = "<group>"; };
		BFFC5DC02BE5168400409C7C /* XDismissButton.swift */ = {isa = PBXFileReference; lastKnownFileType = sourcecode.swift; path = XDismissButton.swift; sourceTree = "<group>"; };
/* End PBXFileReference section */

/* Begin PBXFrameworksBuildPhase section */
		BFFC5D9E2BE4C6C400409C7C /* Frameworks */ = {
			isa = PBXFrameworksBuildPhase;
			buildActionMask = 2147483647;
			files = (
			);
			runOnlyForDeploymentPostprocessing = 0;
		};
/* End PBXFrameworksBuildPhase section */

/* Begin PBXGroup section */
		BFFC5D982BE4C6C400409C7C = {
			isa = PBXGroup;
			children = (
				BFFC5DA32BE4C6C400409C7C /* Apple-Framework */,
				BFFC5DA22BE4C6C400409C7C /* Products */,
			);
			sourceTree = "<group>";
		};
		BFFC5DA22BE4C6C400409C7C /* Products */ = {
			isa = PBXGroup;
			children = (
				BFFC5DA12BE4C6C400409C7C /* Apple-Framework.app */,
			);
			name = Products;
			sourceTree = "<group>";
		};
		BFFC5DA32BE4C6C400409C7C /* Apple-Framework */ = {
			isa = PBXGroup;
			children = (
				BFFC5DC52BE5193D00409C7C /* UIKit Components */,
				BFFC5DC42BE5193100409C7C /* Model */,
				BFFC5DC32BE5192700409C7C /* Views */,
				BFFC5DC22BE5191200409C7C /* Screens */,
				BFFC5DA42BE4C6C400409C7C /* Apple_FrameworkApp.swift */,
				BFFC5DA82BE4C6C800409C7C /* Assets.xcassets */,
				BFFC5DAA2BE4C6C800409C7C /* Preview Content */,
			);
			path = "Apple-Framework";
			sourceTree = "<group>";
		};
		BFFC5DAA2BE4C6C800409C7C /* Preview Content */ = {
			isa = PBXGroup;
			children = (
				BFFC5DAB2BE4C6C800409C7C /* Preview Assets.xcassets */,
			);
			path = "Preview Content";
			sourceTree = "<group>";
		};
		BFFC5DC22BE5191200409C7C /* Screens */ = {
			isa = PBXGroup;
			children = (
				BFFC5DC72BE519B200409C7C /* FrameworkDetailView */,
				BFFC5DC62BE5197900409C7C /* FrameworkGridView */,
			);
			path = Screens;
			sourceTree = "<group>";
		};
		BFFC5DC32BE5192700409C7C /* Views */ = {
			isa = PBXGroup;
			children = (
				BFFC5DC92BE51A3C00409C7C /* View */,
				BFFC5DC82BE51A1500409C7C /* Buttons */,
			);
			path = Views;
			sourceTree = "<group>";
		};
		BFFC5DC42BE5193100409C7C /* Model */ = {
			isa = PBXGroup;
			children = (
				BFFC5DB22BE4C75B00409C7C /* Framework.swift */,
			);
			path = Model;
			sourceTree = "<group>";
		};
		BFFC5DC52BE5193D00409C7C /* UIKit Components */ = {
			isa = PBXGroup;
			children = (
				BFFC5DBC2BE507FA00409C7C /* SafariView.swift */,
			);
			path = "UIKit Components";
			sourceTree = "<group>";
		};
		BFFC5DC62BE5197900409C7C /* FrameworkGridView */ = {
			isa = PBXGroup;
			children = (
				BFFC5DB42BE4CB5200409C7C /* FrameworkGridView.swift */,
				BFFC5DBA2BE4FA8900409C7C /* FrameworkGridViewModel.swift */,
			);
			path = FrameworkGridView;
			sourceTree = "<group>";
		};
		BFFC5DC72BE519B200409C7C /* FrameworkDetailView */ = {
			isa = PBXGroup;
			children = (
				BFFC5DB62BE4E3C400409C7C /* FrameworkDetailView.swift */,
			);
			path = FrameworkDetailView;
			sourceTree = "<group>";
		};
		BFFC5DC82BE51A1500409C7C /* Buttons */ = {
			isa = PBXGroup;
			children = (
				BFFC5DB82BE4E8D900409C7C /* AFButton.swift */,
				BFFC5DC02BE5168400409C7C /* XDismissButton.swift */,
			);
			path = Buttons;
			sourceTree = "<group>";
		};
		BFFC5DC92BE51A3C00409C7C /* View */ = {
			isa = PBXGroup;
			children = (
				BFFC5DBE2BE515E900409C7C /* FrameworkTitleView.swift */,
			);
			path = View;
			sourceTree = "<group>";
		};
/* End PBXGroup section */

/* Begin PBXNativeTarget section */
		BFFC5DA02BE4C6C400409C7C /* Apple-Framework */ = {
			isa = PBXNativeTarget;
			buildConfigurationList = BFFC5DAF2BE4C6C800409C7C /* Build configuration list for PBXNativeTarget "Apple-Framework" */;
			buildPhases = (
				BFFC5D9D2BE4C6C400409C7C /* Sources */,
				BFFC5D9E2BE4C6C400409C7C /* Frameworks */,
				BFFC5D9F2BE4C6C400409C7C /* Resources */,
			);
			buildRules = (
			);
			dependencies = (
			);
			name = "Apple-Framework";
			productName = "Apple-Framework";
			productReference = BFFC5DA12BE4C6C400409C7C /* Apple-Framework.app */;
			productType = "com.apple.product-type.application";
		};
/* End PBXNativeTarget section */

/* Begin PBXProject section */
		BFFC5D992BE4C6C400409C7C /* Project object */ = {
			isa = PBXProject;
			attributes = {
				BuildIndependentTargetsInParallel = 1;
				LastSwiftUpdateCheck = 1420;
				LastUpgradeCheck = 1420;
				TargetAttributes = {
					BFFC5DA02BE4C6C400409C7C = {
						CreatedOnToolsVersion = 14.2;
					};
				};
			};
			buildConfigurationList = BFFC5D9C2BE4C6C400409C7C /* Build configuration list for PBXProject "Apple-Framework" */;
			compatibilityVersion = "Xcode 14.0";
			developmentRegion = en;
			hasScannedForEncodings = 0;
			knownRegions = (
				en,
				Base,
			);
			mainGroup = BFFC5D982BE4C6C400409C7C;
			productRefGroup = BFFC5DA22BE4C6C400409C7C /* Products */;
			projectDirPath = "";
			projectRoot = "";
			targets = (
				BFFC5DA02BE4C6C400409C7C /* Apple-Framework */,
			);
		};
/* End PBXProject section */

/* Begin PBXResourcesBuildPhase section */
		BFFC5D9F2BE4C6C400409C7C /* Resources */ = {
			isa = PBXResourcesBuildPhase;
			buildActionMask = 2147483647;
			files = (
				BFFC5DAC2BE4C6C800409C7C /* Preview Assets.xcassets in Resources */,
				BFFC5DA92BE4C6C800409C7C /* Assets.xcassets in Resources */,
			);
			runOnlyForDeploymentPostprocessing = 0;
		};
/* End PBXResourcesBuildPhase section */

/* Begin PBXSourcesBuildPhase section */
		BFFC5D9D2BE4C6C400409C7C /* Sources */ = {
			isa = PBXSourcesBuildPhase;
			buildActionMask = 2147483647;
			files = (
				BFFC5DB72BE4E3C400409C7C /* FrameworkDetailView.swift in Sources */,
				BFFC5DB52BE4CB5200409C7C /* FrameworkGridView.swift in Sources */,
				BFFC5DC12BE5168400409C7C /* XDismissButton.swift in Sources */,
				BFFC5DB32BE4C75B00409C7C /* Framework.swift in Sources */,
				BFFC5DB92BE4E8D900409C7C /* AFButton.swift in Sources */,
				BFFC5DA52BE4C6C400409C7C /* Apple_FrameworkApp.swift in Sources */,
				BFFC5DBB2BE4FA8900409C7C /* FrameworkGridViewModel.swift in Sources */,
				BFFC5DBF2BE515E900409C7C /* FrameworkTitleView.swift in Sources */,
				BFFC5DBD2BE507FA00409C7C /* SafariView.swift in Sources */,
			);
			runOnlyForDeploymentPostprocessing = 0;
		};
/* End PBXSourcesBuildPhase section */

/* Begin XCBuildConfiguration section */
		BFFC5DAD2BE4C6C800409C7C /* Debug */ = {
			isa = XCBuildConfiguration;
			buildSettings = {
				ALWAYS_SEARCH_USER_PATHS = NO;
				CLANG_ANALYZER_NONNULL = YES;
				CLANG_ANALYZER_NUMBER_OBJECT_CONVERSION = YES_AGGRESSIVE;
				CLANG_CXX_LANGUAGE_STANDARD = "gnu++20";
				CLANG_ENABLE_MODULES = YES;
				CLANG_ENABLE_OBJC_ARC = YES;
				CLANG_ENABLE_OBJC_WEAK = YES;
				CLANG_WARN_BLOCK_CAPTURE_AUTORELEASING = YES;
				CLANG_WARN_BOOL_CONVERSION = YES;
				CLANG_WARN_COMMA = YES;
				CLANG_WARN_CONSTANT_CONVERSION = YES;
				CLANG_WARN_DEPRECATED_OBJC_IMPLEMENTATIONS = YES;
				CLANG_WARN_DIRECT_OBJC_ISA_USAGE = YES_ERROR;
				CLANG_WARN_DOCUMENTATION_COMMENTS = YES;
				CLANG_WARN_EMPTY_BODY = YES;
				CLANG_WARN_ENUM_CONVERSION = YES;
				CLANG_WARN_INFINITE_RECURSION = YES;
				CLANG_WARN_INT_CONVERSION = YES;
				CLANG_WARN_NON_LITERAL_NULL_CONVERSION = YES;
				CLANG_WARN_OBJC_IMPLICIT_RETAIN_SELF = YES;
				CLANG_WARN_OBJC_LITERAL_CONVERSION = YES;
				CLANG_WARN_OBJC_ROOT_CLASS = YES_ERROR;
				CLANG_WARN_QUOTED_INCLUDE_IN_FRAMEWORK_HEADER = YES;
				CLANG_WARN_RANGE_LOOP_ANALYSIS = YES;
				CLANG_WARN_STRICT_PROTOTYPES = YES;
				CLANG_WARN_SUSPICIOUS_MOVE = YES;
				CLANG_WARN_UNGUARDED_AVAILABILITY = YES_AGGRESSIVE;
				CLANG_WARN_UNREACHABLE_CODE = YES;
				CLANG_WARN__DUPLICATE_METHOD_MATCH = YES;
				COPY_PHASE_STRIP = NO;
				DEBUG_INFORMATION_FORMAT = dwarf;
				ENABLE_STRICT_OBJC_MSGSEND = YES;
				ENABLE_TESTABILITY = YES;
				GCC_C_LANGUAGE_STANDARD = gnu11;
				GCC_DYNAMIC_NO_PIC = NO;
				GCC_NO_COMMON_BLOCKS = YES;
				GCC_OPTIMIZATION_LEVEL = 0;
				GCC_PREPROCESSOR_DEFINITIONS = (
					"DEBUG=1",
					"$(inherited)",
				);
				GCC_WARN_64_TO_32_BIT_CONVERSION = YES;
				GCC_WARN_ABOUT_RETURN_TYPE = YES_ERROR;
				GCC_WARN_UNDECLARED_SELECTOR = YES;
				GCC_WARN_UNINITIALIZED_AUTOS = YES_AGGRESSIVE;
				GCC_WARN_UNUSED_FUNCTION = YES;
				GCC_WARN_UNUSED_VARIABLE = YES;
				IPHONEOS_DEPLOYMENT_TARGET = 16.2;
				MTL_ENABLE_DEBUG_INFO = INCLUDE_SOURCE;
				MTL_FAST_MATH = YES;
				ONLY_ACTIVE_ARCH = YES;
				SDKROOT = iphoneos;
				SWIFT_ACTIVE_COMPILATION_CONDITIONS = DEBUG;
				SWIFT_OPTIMIZATION_LEVEL = "-Onone";
			};
			name = Debug;
		};
		BFFC5DAE2BE4C6C800409C7C /* Release */ = {
			isa = XCBuildConfiguration;
			buildSettings = {
				ALWAYS_SEARCH_USER_PATHS = NO;
				CLANG_ANALYZER_NONNULL = YES;
				CLANG_ANALYZER_NUMBER_OBJECT_CONVERSION = YES_AGGRESSIVE;
				CLANG_CXX_LANGUAGE_STANDARD = "gnu++20";
				CLANG_ENABLE_MODULES = YES;
				CLANG_ENABLE_OBJC_ARC = YES;
				CLANG_ENABLE_OBJC_WEAK = YES;
				CLANG_WARN_BLOCK_CAPTURE_AUTORELEASING = YES;
				CLANG_WARN_BOOL_CONVERSION = YES;
				CLANG_WARN_COMMA = YES;
				CLANG_WARN_CONSTANT_CONVERSION = YES;
				CLANG_WARN_DEPRECATED_OBJC_IMPLEMENTATIONS = YES;
				CLANG_WARN_DIRECT_OBJC_ISA_USAGE = YES_ERROR;
				CLANG_WARN_DOCUMENTATION_COMMENTS = YES;
				CLANG_WARN_EMPTY_BODY = YES;
				CLANG_WARN_ENUM_CONVERSION = YES;
				CLANG_WARN_INFINITE_RECURSION = YES;
				CLANG_WARN_INT_CONVERSION = YES;
				CLANG_WARN_NON_LITERAL_NULL_CONVERSION = YES;
				CLANG_WARN_OBJC_IMPLICIT_RETAIN_SELF = YES;
				CLANG_WARN_OBJC_LITERAL_CONVERSION = YES;
				CLANG_WARN_OBJC_ROOT_CLASS = YES_ERROR;
				CLANG_WARN_QUOTED_INCLUDE_IN_FRAMEWORK_HEADER = YES;
				CLANG_WARN_RANGE_LOOP_ANALYSIS = YES;
				CLANG_WARN_STRICT_PROTOTYPES = YES;
				CLANG_WARN_SUSPICIOUS_MOVE = YES;
				CLANG_WARN_UNGUARDED_AVAILABILITY = YES_AGGRESSIVE;
				CLANG_WARN_UNREACHABLE_CODE = YES;
				CLANG_WARN__DUPLICATE_METHOD_MATCH = YES;
				COPY_PHASE_STRIP = NO;
				DEBUG_INFORMATION_FORMAT = "dwarf-with-dsym";
				ENABLE_NS_ASSERTIONS = NO;
				ENABLE_STRICT_OBJC_MSGSEND = YES;
				GCC_C_LANGUAGE_STANDARD = gnu11;
				GCC_NO_COMMON_BLOCKS = YES;
				GCC_WARN_64_TO_32_BIT_CONVERSION = YES;
				GCC_WARN_ABOUT_RETURN_TYPE = YES_ERROR;
				GCC_WARN_UNDECLARED_SELECTOR = YES;
				GCC_WARN_UNINITIALIZED_AUTOS = YES_AGGRESSIVE;
				GCC_WARN_UNUSED_FUNCTION = YES;
				GCC_WARN_UNUSED_VARIABLE = YES;
				IPHONEOS_DEPLOYMENT_TARGET = 16.2;
				MTL_ENABLE_DEBUG_INFO = NO;
				MTL_FAST_MATH = YES;
				SDKROOT = iphoneos;
				SWIFT_COMPILATION_MODE = wholemodule;
				SWIFT_OPTIMIZATION_LEVEL = "-O";
				VALIDATE_PRODUCT = YES;
			};
			name = Release;
		};
		BFFC5DB02BE4C6C800409C7C /* Debug */ = {
			isa = XCBuildConfiguration;
			buildSettings = {
				ASSETCATALOG_COMPILER_APPICON_NAME = AppIcon;
				ASSETCATALOG_COMPILER_GLOBAL_ACCENT_COLOR_NAME = AccentColor;
				CODE_SIGN_STYLE = Automatic;
				CURRENT_PROJECT_VERSION = 1;
				DEVELOPMENT_ASSET_PATHS = "\"Apple-Framework/Preview Content\"";
				ENABLE_PREVIEWS = YES;
				GENERATE_INFOPLIST_FILE = YES;
				INFOPLIST_KEY_UIApplicationSceneManifest_Generation = YES;
				INFOPLIST_KEY_UIApplicationSupportsIndirectInputEvents = YES;
				INFOPLIST_KEY_UILaunchScreen_Generation = YES;
				INFOPLIST_KEY_UISupportedInterfaceOrientations_iPad = "UIInterfaceOrientationPortrait UIInterfaceOrientationPortraitUpsideDown UIInterfaceOrientationLandscapeLeft UIInterfaceOrientationLandscapeRight";
				INFOPLIST_KEY_UISupportedInterfaceOrientations_iPhone = "UIInterfaceOrientationPortrait UIInterfaceOrientationLandscapeLeft UIInterfaceOrientationLandscapeRight";
				LD_RUNPATH_SEARCH_PATHS = (
					"$(inherited)",
					"@executable_path/Frameworks",
				);
				MARKETING_VERSION = 1.0;
				PRODUCT_BUNDLE_IDENTIFIER = "Ali-Raza-s-Organization.Apple-Framework";
				PRODUCT_NAME = "$(TARGET_NAME)";
				SWIFT_EMIT_LOC_STRINGS = YES;
				SWIFT_VERSION = 5.0;
				TARGETED_DEVICE_FAMILY = "1,2";
			};
			name = Debug;
		};
		BFFC5DB12BE4C6C800409C7C /* Release */ = {
			isa = XCBuildConfiguration;
			buildSettings = {
				ASSETCATALOG_COMPILER_APPICON_NAME = AppIcon;
				ASSETCATALOG_COMPILER_GLOBAL_ACCENT_COLOR_NAME = AccentColor;
				CODE_SIGN_STYLE = Automatic;
				CURRENT_PROJECT_VERSION = 1;
				DEVELOPMENT_ASSET_PATHS = "\"Apple-Framework/Preview Content\"";
				ENABLE_PREVIEWS = YES;
				GENERATE_INFOPLIST_FILE = YES;
				INFOPLIST_KEY_UIApplicationSceneManifest_Generation = YES;
				INFOPLIST_KEY_UIApplicationSupportsIndirectInputEvents = YES;
				INFOPLIST_KEY_UILaunchScreen_Generation = YES;
				INFOPLIST_KEY_UISupportedInterfaceOrientations_iPad = "UIInterfaceOrientationPortrait UIInterfaceOrientationPortraitUpsideDown UIInterfaceOrientationLandscapeLeft UIInterfaceOrientationLandscapeRight";
				INFOPLIST_KEY_UISupportedInterfaceOrientations_iPhone = "UIInterfaceOrientationPortrait UIInterfaceOrientationLandscapeLeft UIInterfaceOrientationLandscapeRight";
				LD_RUNPATH_SEARCH_PATHS = (
					"$(inherited)",
					"@executable_path/Frameworks",
				);
				MARKETING_VERSION = 1.0;
				PRODUCT_BUNDLE_IDENTIFIER = "Ali-Raza-s-Organization.Apple-Framework";
				PRODUCT_NAME = "$(TARGET_NAME)";
				SWIFT_EMIT_LOC_STRINGS = YES;
				SWIFT_VERSION = 5.0;
				TARGETED_DEVICE_FAMILY = "1,2";
			};
			name = Release;
		};
/* End XCBuildConfiguration section */

/* Begin XCConfigurationList section */
		BFFC5D9C2BE4C6C400409C7C /* Build configuration list for PBXProject "Apple-Framework" */ = {
			isa = XCConfigurationList;
			buildConfigurations = (
				BFFC5DAD2BE4C6C800409C7C /* Debug */,
				BFFC5DAE2BE4C6C800409C7C /* Release */,
			);
			defaultConfigurationIsVisible = 0;
			defaultConfigurationName = Release;
		};
		BFFC5DAF2BE4C6C800409C7C /* Build configuration list for PBXNativeTarget "Apple-Framework" */ = {
			isa = XCConfigurationList;
			buildConfigurations = (
				BFFC5DB02BE4C6C800409C7C /* Debug */,
				BFFC5DB12BE4C6C800409C7C /* Release */,
			);
			defaultConfigurationIsVisible = 0;
			defaultConfigurationName = Release;
		};
/* End XCConfigurationList section */
	};
	rootObject = BFFC5D992BE4C6C400409C7C /* Project object */;
}
